{
  "name": "express-es6-template-engine-cli",
  "version": "0.0.1",
  "lockfileVersion": 1,
  "requires": true,
  "dependencies": {
    "express-es6-template-engine": {
      "version": "2.1.9",
      "resolved": "http://localhost:4873/express-es6-template-engine/-/express-es6-template-engine-2.1.9.tgz",
      "integrity": "sha512-wf8SPrFJ2+MwqiIdOeBj+xPgaeoEy5N9ZsBHJyoDwn7GqH25FVO/NhjIoP/DWHDjiht9ajzTJEatPC/oWuRVbA=="
    }
  }
}
